
Microsoft Visual Studio Solution File, Format Version 12.00
# Visual Studio 15
VisualStudioVersion = 15.0.27428.2037
MinimumVisualStudioVersion = 10.0.40219.1
Project("{9A19103F-16F7-4668-BE54-9A1E7A4F7556}") = "MvcMovie", "MvcMovie\MvcMovie.csproj", "{53CF522F-16A2-4E1F-B8D3-5E5FF6D13678}"
EndProject
Global
	GlobalSection(SolutionConfigurationPlatforms) = preSolution
		Debug|Any CPU = Debug|Any CPU
		Release|Any CPU = Release|Any CPU
	EndGlobalSection
	GlobalSection(ProjectConfigurationPlatforms) = postSolution
		{53CF522F-16A2-4E1F-B8D3-5E5FF6D13678}.Debug|Any CPU.ActiveCfg = Debug|Any CPU
		{53CF522F-16A2-4E1F-B8D3-5E5FF6D13678}.Debug|Any CPU.Build.0 = Debug|Any CPU
		{53CF522F-16A2-4E1F-B8D3-5E5FF6D13678}.Release|Any CPU.ActiveCfg = Release|Any CPU
		{53CF522F-16A2-4E1F-B8D3-5E5FF6D13678}.Release|Any CPU.Build.0 = Release|Any CPU
	EndGlobalSection
	GlobalSection(SolutionProperties) = preSolution
		HideSolutionNode = FALSE
	EndGlobalSection
	GlobalSection(ExtensibilityGlobals) = postSolution
		SolutionGuid = {5E9F4731-7F8A-48BF-B97E-54160BD01E64}
	EndGlobalSection
EndGlobal
